// !$*UTF8*$!
{
	archiveVersion = 1;
	classes = {
	};
	objectVersion = 56;
	objects = {

/* Begin PBXBuildFile section */
		B405E6F52C3DAFA900009388 /* ViewController2.swift in Sources */ = {isa = PBXBuildFile; fileRef = B405E6F42C3DAFA900009388 /* ViewController2.swift */; };
		B405E6F72C3DB49200009388 /* Extensions.swift in Sources */ = {isa = PBXBuildFile; fileRef = B405E6F62C3DB49200009388 /* Extensions.swift */; };
		B49E17E52C3DA3D00055C47F /* AppDelegate.swift in Sources */ = {isa = PBXBuildFile; fileRef = B49E17E42C3DA3D00055C47F /* AppDelegate.swift */; };
		B49E17E72C3DA3D00055C47F /* SceneDelegate.swift in Sources */ = {isa = PBXBuildFile; fileRef = B49E17E62C3DA3D00055C47F /* SceneDelegate.swift */; };
		B49E17E92C3DA3D00055C47F /* ViewController.swift in Sources */ = {isa = PBXBuildFile; fileRef = B49E17E82C3DA3D00055C47F /* ViewController.swift */; };
		B49E17EE2C3DA3D60055C47F /* Assets.xcassets in Resources */ = {isa = PBXBuildFile; fileRef = B49E17ED2C3DA3D60055C47F /* Assets.xcassets */; };
		B49E17F12C3DA3D60055C47F /* Base in Resources */ = {isa = PBXBuildFile; fileRef = B49E17F02C3DA3D60055C47F /* Base */; };
		B49E17FC2C3DA3D60055C47F /* RiMusiciOSTests.swift in Sources */ = {isa = PBXBuildFile; fileRef = B49E17FB2C3DA3D60055C47F /* RiMusiciOSTests.swift */; };
		B49E18062C3DA3D60055C47F /* RiMusiciOSUITests.swift in Sources */ = {isa = PBXBuildFile; fileRef = B49E18052C3DA3D60055C47F /* RiMusiciOSUITests.swift */; };
		B49E18082C3DA3D60055C47F /* RiMusiciOSUITestsLaunchTests.swift in Sources */ = {isa = PBXBuildFile; fileRef = B49E18072C3DA3D60055C47F /* RiMusiciOSUITestsLaunchTests.swift */; };
/* End PBXBuildFile section */

/* Begin PBXContainerItemProxy section */
		B49E17F82C3DA3D60055C47F /* PBXContainerItemProxy */ = {
			isa = PBXContainerItemProxy;
			containerPortal = B49E17D92C3DA3CF0055C47F /* Project object */;
			proxyType = 1;
			remoteGlobalIDString = B49E17E02C3DA3D00055C47F;
			remoteInfo = RiMusiciOS;
		};
		B49E18022C3DA3D60055C47F /* PBXContainerItemProxy */ = {
			isa = PBXContainerItemProxy;
			containerPortal = B49E17D92C3DA3CF0055C47F /* Project object */;
			proxyType = 1;
			remoteGlobalIDString = B49E17E02C3DA3D00055C47F;
			remoteInfo = RiMusiciOS;
		};
/* End PBXContainerItemProxy section */

/* Begin PBXFileReference section */
		B405E6F42C3DAFA900009388 /* ViewController2.swift */ = {isa = PBXFileReference; lastKnownFileType = sourcecode.swift; path = ViewController2.swift; sourceTree = "<group>"; };
		B405E6F62C3DB49200009388 /* Extensions.swift */ = {isa = PBXFileReference; lastKnownFileType = sourcecode.swift; path = Extensions.swift; sourceTree = "<group>"; };
		B49E17E12C3DA3D00055C47F /* RiMusiciOS.app */ = {isa = PBXFileReference; explicitFileType = wrapper.application; includeInIndex = 0; path = RiMusiciOS.app; sourceTree = BUILT_PRODUCTS_DIR; };
		B49E17E42C3DA3D00055C47F /* AppDelegate.swift */ = {isa = PBXFileReference; lastKnownFileType = sourcecode.swift; path = AppDelegate.swift; sourceTree = "<group>"; };
		B49E17E62C3DA3D00055C47F /* SceneDelegate.swift */ = {isa = PBXFileReference; lastKnownFileType = sourcecode.swift; path = SceneDelegate.swift; sourceTree = "<group>"; };
		B49E17E82C3DA3D00055C47F /* ViewController.swift */ = {isa = PBXFileReference; lastKnownFileType = sourcecode.swift; path = ViewController.swift; sourceTree = "<group>"; };
		B49E17ED2C3DA3D60055C47F /* Assets.xcassets */ = {isa = PBXFileReference; lastKnownFileType = folder.assetcatalog; path = Assets.xcassets; sourceTree = "<group>"; };
		B49E17F02C3DA3D60055C47F /* Base */ = {isa = PBXFileReference; lastKnownFileType = file.storyboard; name = Base; path = Base.lproj/LaunchScreen.storyboard; sourceTree = "<group>"; };
		B49E17F22C3DA3D60055C47F /* Info.plist */ = {isa = PBXFileReference; lastKnownFileType = text.plist.xml; path = Info.plist; sourceTree = "<group>"; };
		B49E17F72C3DA3D60055C47F /* RiMusiciOSTests.xctest */ = {isa = PBXFileReference; explicitFileType = wrapper.cfbundle; includeInIndex = 0; path = RiMusiciOSTests.xctest; sourceTree = BUILT_PRODUCTS_DIR; };
		B49E17FB2C3DA3D60055C47F /* RiMusiciOSTests.swift */ = {isa = PBXFileReference; lastKnownFileType = sourcecode.swift; path = RiMusiciOSTests.swift; sourceTree = "<group>"; };
		B49E18012C3DA3D60055C47F /* RiMusiciOSUITests.xctest */ = {isa = PBXFileReference; explicitFileType = wrapper.cfbundle; includeInIndex = 0; path = RiMusiciOSUITests.xctest; sourceTree = BUILT_PRODUCTS_DIR; };
		B49E18052C3DA3D60055C47F /* RiMusiciOSUITests.swift */ = {isa = PBXFileReference; lastKnownFileType = sourcecode.swift; path = RiMusiciOSUITests.swift; sourceTree = "<group>"; };
		B49E18072C3DA3D60055C47F /* RiMusiciOSUITestsLaunchTests.swift */ = {isa = PBXFileReference; lastKnownFileType = sourcecode.swift; path = RiMusiciOSUITestsLaunchTests.swift; sourceTree = "<group>"; };
/* End PBXFileReference section */

/* Begin PBXFrameworksBuildPhase section */
		B49E17DE2C3DA3D00055C47F /* Frameworks */ = {
			isa = PBXFrameworksBuildPhase;
			buildActionMask = 2147483647;
			files = (
			);
			runOnlyForDeploymentPostprocessing = 0;
		};
		B49E17F42C3DA3D60055C47F /* Frameworks */ = {
			isa = PBXFrameworksBuildPhase;
			buildActionMask = 2147483647;
			files = (
			);
			runOnlyForDeploymentPostprocessing = 0;
		};
		B49E17FE2C3DA3D60055C47F /* Frameworks */ = {
			isa = PBXFrameworksBuildPhase;
			buildActionMask = 2147483647;
			files = (
			);
			runOnlyForDeploymentPostprocessing = 0;
		};
/* End PBXFrameworksBuildPhase section */

/* Begin PBXGroup section */
		B49E17D82C3DA3CF0055C47F = {
			isa = PBXGroup;
			children = (
				B49E17E32C3DA3D00055C47F /* RiMusiciOS */,
				B49E17FA2C3DA3D60055C47F /* RiMusiciOSTests */,
				B49E18042C3DA3D60055C47F /* RiMusiciOSUITests */,
				B49E17E22C3DA3D00055C47F /* Products */,
			);
			sourceTree = "<group>";
		};
		B49E17E22C3DA3D00055C47F /* Products */ = {
			isa = PBXGroup;
			children = (
				B49E17E12C3DA3D00055C47F /* RiMusiciOS.app */,
				B49E17F72C3DA3D60055C47F /* RiMusiciOSTests.xctest */,
				B49E18012C3DA3D60055C47F /* RiMusiciOSUITests.xctest */,
			);
			name = Products;
			sourceTree = "<group>";
		};
		B49E17E32C3DA3D00055C47F /* RiMusiciOS */ = {
			isa = PBXGroup;
			children = (
				B49E17E42C3DA3D00055C47F /* AppDelegate.swift */,
				B49E17E62C3DA3D00055C47F /* SceneDelegate.swift */,
				B49E17E82C3DA3D00055C47F /* ViewController.swift */,
				B405E6F62C3DB49200009388 /* Extensions.swift */,
				B405E6F42C3DAFA900009388 /* ViewController2.swift */,
				B49E17ED2C3DA3D60055C47F /* Assets.xcassets */,
				B49E17EF2C3DA3D60055C47F /* LaunchScreen.storyboard */,
				B49E17F22C3DA3D60055C47F /* Info.plist */,
			);
			path = RiMusiciOS;
			sourceTree = "<group>";
		};
		B49E17FA2C3DA3D60055C47F /* RiMusiciOSTests */ = {
			isa = PBXGroup;
			children = (
				B49E17FB2C3DA3D60055C47F /* RiMusiciOSTests.swift */,
			);
			path = RiMusiciOSTests;
			sourceTree = "<group>";
		};
		B49E18042C3DA3D60055C47F /* RiMusiciOSUITests */ = {
			isa = PBXGroup;
			children = (
				B49E18052C3DA3D60055C47F /* RiMusiciOSUITests.swift */,
				B49E18072C3DA3D60055C47F /* RiMusiciOSUITestsLaunchTests.swift */,
			);
			path = RiMusiciOSUITests;
			sourceTree = "<group>";
		};
/* End PBXGroup section */

/* Begin PBXNativeTarget section */
		B49E17E02C3DA3D00055C47F /* RiMusiciOS */ = {
			isa = PBXNativeTarget;
			buildConfigurationList = B49E180B2C3DA3D60055C47F /* Build configuration list for PBXNativeTarget "RiMusiciOS" */;
			buildPhases = (
				B49E17DD2C3DA3D00055C47F /* Sources */,
				B49E17DE2C3DA3D00055C47F /* Frameworks */,
				B49E17DF2C3DA3D00055C47F /* Resources */,
			);
			buildRules = (
			);
			dependencies = (
			);
			name = RiMusiciOS;
			productName = RiMusiciOS;
			productReference = B49E17E12C3DA3D00055C47F /* RiMusiciOS.app */;
			productType = "com.apple.product-type.application";
		};
		B49E17F62C3DA3D60055C47F /* RiMusiciOSTests */ = {
			isa = PBXNativeTarget;
			buildConfigurationList = B49E180E2C3DA3D60055C47F /* Build configuration list for PBXNativeTarget "RiMusiciOSTests" */;
			buildPhases = (
				B49E17F32C3DA3D60055C47F /* Sources */,
				B49E17F42C3DA3D60055C47F /* Frameworks */,
				B49E17F52C3DA3D60055C47F /* Resources */,
			);
			buildRules = (
			);
			dependencies = (
				B49E17F92C3DA3D60055C47F /* PBXTargetDependency */,
			);
			name = RiMusiciOSTests;
			productName = RiMusiciOSTests;
			productReference = B49E17F72C3DA3D60055C47F /* RiMusiciOSTests.xctest */;
			productType = "com.apple.product-type.bundle.unit-test";
		};
		B49E18002C3DA3D60055C47F /* RiMusiciOSUITests */ = {
			isa = PBXNativeTarget;
			buildConfigurationList = B49E18112C3DA3D60055C47F /* Build configuration list for PBXNativeTarget "RiMusiciOSUITests" */;
			buildPhases = (
				B49E17FD2C3DA3D60055C47F /* Sources */,
				B49E17FE2C3DA3D60055C47F /* Frameworks */,
				B49E17FF2C3DA3D60055C47F /* Resources */,
			);
			buildRules = (
			);
			dependencies = (
				B49E18032C3DA3D60055C47F /* PBXTargetDependency */,
			);
			name = RiMusiciOSUITests;
			productName = RiMusiciOSUITests;
			productReference = B49E18012C3DA3D60055C47F /* RiMusiciOSUITests.xctest */;
			productType = "com.apple.product-type.bundle.ui-testing";
		};
/* End PBXNativeTarget section */

/* Begin PBXProject section */
		B49E17D92C3DA3CF0055C47F /* Project object */ = {
			isa = PBXProject;
			attributes = {
				BuildIndependentTargetsInParallel = 1;
				LastSwiftUpdateCheck = 1540;
				LastUpgradeCheck = 1540;
				TargetAttributes = {
					B49E17E02C3DA3D00055C47F = {
						CreatedOnToolsVersion = 15.4;
					};
					B49E17F62C3DA3D60055C47F = {
						CreatedOnToolsVersion = 15.4;
						TestTargetID = B49E17E02C3DA3D00055C47F;
					};
					B49E18002C3DA3D60055C47F = {
						CreatedOnToolsVersion = 15.4;
						TestTargetID = B49E17E02C3DA3D00055C47F;
					};
				};
			};
			buildConfigurationList = B49E17DC2C3DA3CF0055C47F /* Build configuration list for PBXProject "RiMusiciOS" */;
			compatibilityVersion = "Xcode 14.0";
			developmentRegion = en;
			hasScannedForEncodings = 0;
			knownRegions = (
				en,
				Base,
			);
			mainGroup = B49E17D82C3DA3CF0055C47F;
			productRefGroup = B49E17E22C3DA3D00055C47F /* Products */;
			projectDirPath = "";
			projectRoot = "";
			targets = (
				B49E17E02C3DA3D00055C47F /* RiMusiciOS */,
				B49E17F62C3DA3D60055C47F /* RiMusiciOSTests */,
				B49E18002C3DA3D60055C47F /* RiMusiciOSUITests */,
			);
		};
/* End PBXProject section */

/* Begin PBXResourcesBuildPhase section */
		B49E17DF2C3DA3D00055C47F /* Resources */ = {
			isa = PBXResourcesBuildPhase;
			buildActionMask = 2147483647;
			files = (
				B49E17EE2C3DA3D60055C47F /* Assets.xcassets in Resources */,
				B49E17F12C3DA3D60055C47F /* Base in Resources */,
			);
			runOnlyForDeploymentPostprocessing = 0;
		};
		B49E17F52C3DA3D60055C47F /* Resources */ = {
			isa = PBXResourcesBuildPhase;
			buildActionMask = 2147483647;
			files = (
			);
			runOnlyForDeploymentPostprocessing = 0;
		};
		B49E17FF2C3DA3D60055C47F /* Resources */ = {
			isa = PBXResourcesBuildPhase;
			buildActionMask = 2147483647;
			files = (
			);
			runOnlyForDeploymentPostprocessing = 0;
		};
/* End PBXResourcesBuildPhase section */

/* Begin PBXSourcesBuildPhase section */
		B49E17DD2C3DA3D00055C47F /* Sources */ = {
			isa = PBXSourcesBuildPhase;
			buildActionMask = 2147483647;
			files = (
				B405E6F72C3DB49200009388 /* Extensions.swift in Sources */,
				B49E17E92C3DA3D00055C47F /* ViewController.swift in Sources */,
				B405E6F52C3DAFA900009388 /* ViewController2.swift in Sources */,
				B49E17E52C3DA3D00055C47F /* AppDelegate.swift in Sources */,
				B49E17E72C3DA3D00055C47F /* SceneDelegate.swift in Sources */,
			);
			runOnlyForDeploymentPostprocessing = 0;
		};
		B49E17F32C3DA3D60055C47F /* Sources */ = {
			isa = PBXSourcesBuildPhase;
			buildActionMask = 2147483647;
			files = (
				B49E17FC2C3DA3D60055C47F /* RiMusiciOSTests.swift in Sources */,
			);
			runOnlyForDeploymentPostprocessing = 0;
		};
		B49E17FD2C3DA3D60055C47F /* Sources */ = {
			isa = PBXSourcesBuildPhase;
			buildActionMask = 2147483647;
			files = (
				B49E18062C3DA3D60055C47F /* RiMusiciOSUITests.swift in Sources */,
				B49E18082C3DA3D60055C47F /* RiMusiciOSUITestsLaunchTests.swift in Sources */,
			);
			runOnlyForDeploymentPostprocessing = 0;
		};
/* End PBXSourcesBuildPhase section */

/* Begin PBXTargetDependency section */
		B49E17F92C3DA3D60055C47F /* PBXTargetDependency */ = {
			isa = PBXTargetDependency;
			target = B49E17E02C3DA3D00055C47F /* RiMusiciOS */;
			targetProxy = B49E17F82C3DA3D60055C47F /* PBXContainerItemProxy */;
		};
		B49E18032C3DA3D60055C47F /* PBXTargetDependency */ = {
			isa = PBXTargetDependency;
			target = B49E17E02C3DA3D00055C47F /* RiMusiciOS */;
			targetProxy = B49E18022C3DA3D60055C47F /* PBXContainerItemProxy */;
		};
/* End PBXTargetDependency section */

/* Begin PBXVariantGroup section */
		B49E17EF2C3DA3D60055C47F /* LaunchScreen.storyboard */ = {
			isa = PBXVariantGroup;
			children = (
				B49E17F02C3DA3D60055C47F /* Base */,
			);
			name = LaunchScreen.storyboard;
			sourceTree = "<group>";
		};
/* End PBXVariantGroup section */

/* Begin XCBuildConfiguration section */
		B49E18092C3DA3D60055C47F /* Debug */ = {
			isa = XCBuildConfiguration;
			buildSettings = {
				ALWAYS_SEARCH_USER_PATHS = NO;
				ASSETCATALOG_COMPILER_GENERATE_SWIFT_ASSET_SYMBOL_EXTENSIONS = YES;
				CLANG_ANALYZER_NONNULL = YES;
				CLANG_ANALYZER_NUMBER_OBJECT_CONVERSION = YES_AGGRESSIVE;
				CLANG_CXX_LANGUAGE_STANDARD = "gnu++20";
				CLANG_ENABLE_MODULES = YES;
				CLANG_ENABLE_OBJC_ARC = YES;
				CLANG_ENABLE_OBJC_WEAK = YES;
				CLANG_WARN_BLOCK_CAPTURE_AUTORELEASING = YES;
				CLANG_WARN_BOOL_CONVERSION = YES;
				CLANG_WARN_COMMA = YES;
				CLANG_WARN_CONSTANT_CONVERSION = YES;
				CLANG_WARN_DEPRECATED_OBJC_IMPLEMENTATIONS = YES;
				CLANG_WARN_DIRECT_OBJC_ISA_USAGE = YES_ERROR;
				CLANG_WARN_DOCUMENTATION_COMMENTS = YES;
				CLANG_WARN_EMPTY_BODY = YES;
				CLANG_WARN_ENUM_CONVERSION = YES;
				CLANG_WARN_INFINITE_RECURSION = YES;
				CLANG_WARN_INT_CONVERSION = YES;
				CLANG_WARN_NON_LITERAL_NULL_CONVERSION = YES;
				CLANG_WARN_OBJC_IMPLICIT_RETAIN_SELF = YES;
				CLANG_WARN_OBJC_LITERAL_CONVERSION = YES;
				CLANG_WARN_OBJC_ROOT_CLASS = YES_ERROR;
				CLANG_WARN_QUOTED_INCLUDE_IN_FRAMEWORK_HEADER = YES;
				CLANG_WARN_RANGE_LOOP_ANALYSIS = YES;
				CLANG_WARN_STRICT_PROTOTYPES = YES;
				CLANG_WARN_SUSPICIOUS_MOVE = YES;
				CLANG_WARN_UNGUARDED_AVAILABILITY = YES_AGGRESSIVE;
				CLANG_WARN_UNREACHABLE_CODE = YES;
				CLANG_WARN__DUPLICATE_METHOD_MATCH = YES;
				COPY_PHASE_STRIP = NO;
				DEBUG_INFORMATION_FORMAT = dwarf;
				ENABLE_STRICT_OBJC_MSGSEND = YES;
				ENABLE_TESTABILITY = YES;
				ENABLE_USER_SCRIPT_SANDBOXING = YES;
				GCC_C_LANGUAGE_STANDARD = gnu17;
				GCC_DYNAMIC_NO_PIC = NO;
				GCC_NO_COMMON_BLOCKS = YES;
				GCC_OPTIMIZATION_LEVEL = 0;
				GCC_PREPROCESSOR_DEFINITIONS = (
					"DEBUG=1",
					"$(inherited)",
				);
				GCC_WARN_64_TO_32_BIT_CONVERSION = YES;
				GCC_WARN_ABOUT_RETURN_TYPE = YES_ERROR;
				GCC_WARN_UNDECLARED_SELECTOR = YES;
				GCC_WARN_UNINITIALIZED_AUTOS = YES_AGGRESSIVE;
				GCC_WARN_UNUSED_FUNCTION = YES;
				GCC_WARN_UNUSED_VARIABLE = YES;
				IPHONEOS_DEPLOYMENT_TARGET = 17.5;
				LOCALIZATION_PREFERS_STRING_CATALOGS = YES;
				MTL_ENABLE_DEBUG_INFO = INCLUDE_SOURCE;
				MTL_FAST_MATH = YES;
				ONLY_ACTIVE_ARCH = YES;
				SDKROOT = iphoneos;
				SWIFT_ACTIVE_COMPILATION_CONDITIONS = "DEBUG $(inherited)";
				SWIFT_OPTIMIZATION_LEVEL = "-Onone";
			};
			name = Debug;
		};
		B49E180A2C3DA3D60055C47F /* Release */ = {
			isa = XCBuildConfiguration;
			buildSettings = {
				ALWAYS_SEARCH_USER_PATHS = NO;
				ASSETCATALOG_COMPILER_GENERATE_SWIFT_ASSET_SYMBOL_EXTENSIONS = YES;
				CLANG_ANALYZER_NONNULL = YES;
				CLANG_ANALYZER_NUMBER_OBJECT_CONVERSION = YES_AGGRESSIVE;
				CLANG_CXX_LANGUAGE_STANDARD = "gnu++20";
				CLANG_ENABLE_MODULES = YES;
				CLANG_ENABLE_OBJC_ARC = YES;
				CLANG_ENABLE_OBJC_WEAK = YES;
				CLANG_WARN_BLOCK_CAPTURE_AUTORELEASING = YES;
				CLANG_WARN_BOOL_CONVERSION = YES;
				CLANG_WARN_COMMA = YES;
				CLANG_WARN_CONSTANT_CONVERSION = YES;
				CLANG_WARN_DEPRECATED_OBJC_IMPLEMENTATIONS = YES;
				CLANG_WARN_DIRECT_OBJC_ISA_USAGE = YES_ERROR;
				CLANG_WARN_DOCUMENTATION_COMMENTS = YES;
				CLANG_WARN_EMPTY_BODY = YES;
				CLANG_WARN_ENUM_CONVERSION = YES;
				CLANG_WARN_INFINITE_RECURSION = YES;
				CLANG_WARN_INT_CONVERSION = YES;
				CLANG_WARN_NON_LITERAL_NULL_CONVERSION = YES;
				CLANG_WARN_OBJC_IMPLICIT_RETAIN_SELF = YES;
				CLANG_WARN_OBJC_LITERAL_CONVERSION = YES;
				CLANG_WARN_OBJC_ROOT_CLASS = YES_ERROR;
				CLANG_WARN_QUOTED_INCLUDE_IN_FRAMEWORK_HEADER = YES;
				CLANG_WARN_RANGE_LOOP_ANALYSIS = YES;
				CLANG_WARN_STRICT_PROTOTYPES = YES;
				CLANG_WARN_SUSPICIOUS_MOVE = YES;
				CLANG_WARN_UNGUARDED_AVAILABILITY = YES_AGGRESSIVE;
				CLANG_WARN_UNREACHABLE_CODE = YES;
				CLANG_WARN__DUPLICATE_METHOD_MATCH = YES;
				COPY_PHASE_STRIP = NO;
				DEBUG_INFORMATION_FORMAT = "dwarf-with-dsym";
				ENABLE_NS_ASSERTIONS = NO;
				ENABLE_STRICT_OBJC_MSGSEND = YES;
				ENABLE_USER_SCRIPT_SANDBOXING = YES;
				GCC_C_LANGUAGE_STANDARD = gnu17;
				GCC_NO_COMMON_BLOCKS = YES;
				GCC_WARN_64_TO_32_BIT_CONVERSION = YES;
				GCC_WARN_ABOUT_RETURN_TYPE = YES_ERROR;
				GCC_WARN_UNDECLARED_SELECTOR = YES;
				GCC_WARN_UNINITIALIZED_AUTOS = YES_AGGRESSIVE;
				GCC_WARN_UNUSED_FUNCTION = YES;
				GCC_WARN_UNUSED_VARIABLE = YES;
				IPHONEOS_DEPLOYMENT_TARGET = 17.5;
				LOCALIZATION_PREFERS_STRING_CATALOGS = YES;
				MTL_ENABLE_DEBUG_INFO = NO;
				MTL_FAST_MATH = YES;
				SDKROOT = iphoneos;
				SWIFT_COMPILATION_MODE = wholemodule;
				VALIDATE_PRODUCT = YES;
			};
			name = Release;
		};
		B49E180C2C3DA3D60055C47F /* Debug */ = {
			isa = XCBuildConfiguration;
			buildSettings = {
				ASSETCATALOG_COMPILER_APPICON_NAME = AppIcon;
				ASSETCATALOG_COMPILER_GLOBAL_ACCENT_COLOR_NAME = AccentColor;
				CODE_SIGN_IDENTITY = "Apple Development";
				CODE_SIGN_STYLE = Automatic;
				CURRENT_PROJECT_VERSION = 1;
				DEVELOPMENT_TEAM = 4483GPN7T8;
				GENERATE_INFOPLIST_FILE = YES;
				INFOPLIST_FILE = RiMusiciOS/Info.plist;
				INFOPLIST_KEY_UIApplicationSupportsIndirectInputEvents = YES;
				INFOPLIST_KEY_UILaunchStoryboardName = LaunchScreen;
				INFOPLIST_KEY_UIMainStoryboardFile = Main;
				INFOPLIST_KEY_UISupportedInterfaceOrientations_iPad = "UIInterfaceOrientationPortrait UIInterfaceOrientationPortraitUpsideDown UIInterfaceOrientationLandscapeLeft UIInterfaceOrientationLandscapeRight";
				INFOPLIST_KEY_UISupportedInterfaceOrientations_iPhone = "UIInterfaceOrientationPortrait UIInterfaceOrientationLandscapeLeft UIInterfaceOrientationLandscapeRight";
				LD_RUNPATH_SEARCH_PATHS = (
					"$(inherited)",
					"@executable_path/Frameworks",
				);
				MARKETING_VERSION = 1.0;
				PRODUCT_BUNDLE_IDENTIFIER = com.g5works.RiMusiciOS;
				PRODUCT_NAME = "$(TARGET_NAME)";
				PROVISIONING_PROFILE_SPECIFIER = "";
				SWIFT_EMIT_LOC_STRINGS = YES;
				SWIFT_VERSION = 5.0;
				TARGETED_DEVICE_FAMILY = "1,2";
			};
			name = Debug;
		};
		B49E180D2C3DA3D60055C47F /* Release */ = {
			isa = XCBuildConfiguration;
			buildSettings = {
				ASSETCATALOG_COMPILER_APPICON_NAME = AppIcon;
				ASSETCATALOG_COMPILER_GLOBAL_ACCENT_COLOR_NAME = AccentColor;
				CODE_SIGN_IDENTITY = "Apple Development";
				CODE_SIGN_STYLE = Automatic;
				CURRENT_PROJECT_VERSION = 1;
				DEVELOPMENT_TEAM = 4483GPN7T8;
				GENERATE_INFOPLIST_FILE = YES;
				INFOPLIST_FILE = RiMusiciOS/Info.plist;
				INFOPLIST_KEY_UIApplicationSupportsIndirectInputEvents = YES;
				INFOPLIST_KEY_UILaunchStoryboardName = LaunchScreen;
				INFOPLIST_KEY_UIMainStoryboardFile = Main;
				INFOPLIST_KEY_UISupportedInterfaceOrientations_iPad = "UIInterfaceOrientationPortrait UIInterfaceOrientationPortraitUpsideDown UIInterfaceOrientationLandscapeLeft UIInterfaceOrientationLandscapeRight";
				INFOPLIST_KEY_UISupportedInterfaceOrientations_iPhone = "UIInterfaceOrientationPortrait UIInterfaceOrientationLandscapeLeft UIInterfaceOrientationLandscapeRight";
				LD_RUNPATH_SEARCH_PATHS = (
					"$(inherited)",
					"@executable_path/Frameworks",
				);
				MARKETING_VERSION = 1.0;
				PRODUCT_BUNDLE_IDENTIFIER = com.g5works.RiMusiciOS;
				PRODUCT_NAME = "$(TARGET_NAME)";
				PROVISIONING_PROFILE_SPECIFIER = "";
				SWIFT_EMIT_LOC_STRINGS = YES;
				SWIFT_VERSION = 5.0;
				TARGETED_DEVICE_FAMILY = "1,2";
			};
			name = Release;
		};
		B49E180F2C3DA3D60055C47F /* Debug */ = {
			isa = XCBuildConfiguration;
			buildSettings = {
				ALWAYS_EMBED_SWIFT_STANDARD_LIBRARIES = YES;
				BUNDLE_LOADER = "$(TEST_HOST)";
				CODE_SIGN_STYLE = Automatic;
				CURRENT_PROJECT_VERSION = 1;
				DEVELOPMENT_TEAM = H8BAX5545H;
				GENERATE_INFOPLIST_FILE = YES;
				IPHONEOS_DEPLOYMENT_TARGET = 17.5;
				MARKETING_VERSION = 1.0;
				PRODUCT_BUNDLE_IDENTIFIER = com.g5works.RiMusiciOSTests;
				PRODUCT_NAME = "$(TARGET_NAME)";
				SWIFT_EMIT_LOC_STRINGS = NO;
				SWIFT_VERSION = 5.0;
				TARGETED_DEVICE_FAMILY = "1,2";
				TEST_HOST = "$(BUILT_PRODUCTS_DIR)/RiMusiciOS.app/$(BUNDLE_EXECUTABLE_FOLDER_PATH)/RiMusiciOS";
			};
			name = Debug;
		};
		B49E18102C3DA3D60055C47F /* Release */ = {
			isa = XCBuildConfiguration;
			buildSettings = {
				ALWAYS_EMBED_SWIFT_STANDARD_LIBRARIES = YES;
				BUNDLE_LOADER = "$(TEST_HOST)";
				CODE_SIGN_STYLE = Automatic;
				CURRENT_PROJECT_VERSION = 1;
				DEVELOPMENT_TEAM = H8BAX5545H;
				GENERATE_INFOPLIST_FILE = YES;
				IPHONEOS_DEPLOYMENT_TARGET = 17.5;
				MARKETING_VERSION = 1.0;
				PRODUCT_BUNDLE_IDENTIFIER = com.g5works.RiMusiciOSTests;
				PRODUCT_NAME = "$(TARGET_NAME)";
				SWIFT_EMIT_LOC_STRINGS = NO;
				SWIFT_VERSION = 5.0;
				TARGETED_DEVICE_FAMILY = "1,2";
				TEST_HOST = "$(BUILT_PRODUCTS_DIR)/RiMusiciOS.app/$(BUNDLE_EXECUTABLE_FOLDER_PATH)/RiMusiciOS";
			};
			name = Release;
		};
		B49E18122C3DA3D60055C47F /* Debug */ = {
			isa = XCBuildConfiguration;
			buildSettings = {
				ALWAYS_EMBED_SWIFT_STANDARD_LIBRARIES = YES;
				CODE_SIGN_STYLE = Automatic;
				CURRENT_PROJECT_VERSION = 1;
				DEVELOPMENT_TEAM = H8BAX5545H;
				GENERATE_INFOPLIST_FILE = YES;
				MARKETING_VERSION = 1.0;
				PRODUCT_BUNDLE_IDENTIFIER = com.g5works.RiMusiciOSUITests;
				PRODUCT_NAME = "$(TARGET_NAME)";
				SWIFT_EMIT_LOC_STRINGS = NO;
				SWIFT_VERSION = 5.0;
				TARGETED_DEVICE_FAMILY = "1,2";
				TEST_TARGET_NAME = RiMusiciOS;
			};
			name = Debug;
		};
		B49E18132C3DA3D60055C47F /* Release */ = {
			isa = XCBuildConfiguration;
			buildSettings = {
				ALWAYS_EMBED_SWIFT_STANDARD_LIBRARIES = YES;
				CODE_SIGN_STYLE = Automatic;
				CURRENT_PROJECT_VERSION = 1;
				DEVELOPMENT_TEAM = H8BAX5545H;
				GENERATE_INFOPLIST_FILE = YES;
				MARKETING_VERSION = 1.0;
				PRODUCT_BUNDLE_IDENTIFIER = com.g5works.RiMusiciOSUITests;
				PRODUCT_NAME = "$(TARGET_NAME)";
				SWIFT_EMIT_LOC_STRINGS = NO;
				SWIFT_VERSION = 5.0;
				TARGETED_DEVICE_FAMILY = "1,2";
				TEST_TARGET_NAME = RiMusiciOS;
			};
			name = Release;
		};
/* End XCBuildConfiguration section */

/* Begin XCConfigurationList section */
		B49E17DC2C3DA3CF0055C47F /* Build configuration list for PBXProject "RiMusiciOS" */ = {
			isa = XCConfigurationList;
			buildConfigurations = (
				B49E18092C3DA3D60055C47F /* Debug */,
				B49E180A2C3DA3D60055C47F /* Release */,
			);
			defaultConfigurationIsVisible = 0;
			defaultConfigurationName = Release;
		};
		B49E180B2C3DA3D60055C47F /* Build configuration list for PBXNativeTarget "RiMusiciOS" */ = {
			isa = XCConfigurationList;
			buildConfigurations = (
				B49E180C2C3DA3D60055C47F /* Debug */,
				B49E180D2C3DA3D60055C47F /* Release */,
			);
			defaultConfigurationIsVisible = 0;
			defaultConfigurationName = Release;
		};
		B49E180E2C3DA3D60055C47F /* Build configuration list for PBXNativeTarget "RiMusiciOSTests" */ = {
			isa = XCConfigurationList;
			buildConfigurations = (
				B49E180F2C3DA3D60055C47F /* Debug */,
				B49E18102C3DA3D60055C47F /* Release */,
			);
			defaultConfigurationIsVisible = 0;
			defaultConfigurationName = Release;
		};
		B49E18112C3DA3D60055C47F /* Build configuration list for PBXNativeTarget "RiMusiciOSUITests" */ = {
			isa = XCConfigurationList;
			buildConfigurations = (
				B49E18122C3DA3D60055C47F /* Debug */,
				B49E18132C3DA3D60055C47F /* Release */,
			);
			defaultConfigurationIsVisible = 0;
			defaultConfigurationName = Release;
		};
/* End XCConfigurationList section */
	};
	rootObject = B49E17D92C3DA3CF0055C47F /* Project object */;
}
